// !$*UTF8*$!
{
	archiveVersion = 1;
	classes = {
	};
	objectVersion = 46;
	objects = {

/* Begin PBXBuildFile section */
		3F9DEE2A6FE247388F7FFCFA /* libPods-DigitaleoSample.a in Frameworks */ = {isa = PBXBuildFile; fileRef = 80313E6A10FD4BEC95B5AD38 /* libPods-DigitaleoSample.a */; };
		DF0115981A7A785400F6842E /* RootViewController.m in Sources */ = {isa = PBXBuildFile; fileRef = DF0115971A7A785400F6842E /* RootViewController.m */; };
		DF01159B1A7A80A000F6842E /* NotificationsViewController.m in Sources */ = {isa = PBXBuildFile; fileRef = DF01159A1A7A80A000F6842E /* NotificationsViewController.m */; };
		DF01159E1A7A824500F6842E /* HomeViewController.m in Sources */ = {isa = PBXBuildFile; fileRef = DF01159D1A7A824500F6842E /* HomeViewController.m */; };
		DF14E7561A80EBD400CEA96E /* Digitaleo-dist.plist in Resources */ = {isa = PBXBuildFile; fileRef = DF14E7551A80EBD400CEA96E /* Digitaleo-dist.plist */; };
		DF3C90121C1842E900FCBD0B /* Digitaleo.plist in Resources */ = {isa = PBXBuildFile; fileRef = DF3C90111C1842E900FCBD0B /* Digitaleo.plist */; };
		DF45D9141A7A3C130098963B /* main.m in Sources */ = {isa = PBXBuildFile; fileRef = DF45D9131A7A3C130098963B /* main.m */; };
		DF45D9171A7A3C130098963B /* AppDelegate.m in Sources */ = {isa = PBXBuildFile; fileRef = DF45D9161A7A3C130098963B /* AppDelegate.m */; };
		DF45D91D1A7A3C130098963B /* Main.storyboard in Resources */ = {isa = PBXBuildFile; fileRef = DF45D91B1A7A3C130098963B /* Main.storyboard */; };
		DF45D91F1A7A3C130098963B /* Images.xcassets in Resources */ = {isa = PBXBuildFile; fileRef = DF45D91E1A7A3C130098963B /* Images.xcassets */; };
		DF45D9221A7A3C130098963B /* LaunchScreen.xib in Resources */ = {isa = PBXBuildFile; fileRef = DF45D9201A7A3C130098963B /* LaunchScreen.xib */; };
		DF45D92E1A7A3C130098963B /* DigitaleoSampleTests.m in Sources */ = {isa = PBXBuildFile; fileRef = DF45D92D1A7A3C130098963B /* DigitaleoSampleTests.m */; };
		DF45D9411A7A402E0098963B /* MenuViewController.m in Sources */ = {isa = PBXBuildFile; fileRef = DF45D9401A7A402E0098963B /* MenuViewController.m */; };
		DF45D9511A7A478B0098963B /* ProfileViewController.m in Sources */ = {isa = PBXBuildFile; fileRef = DF45D9501A7A478B0098963B /* ProfileViewController.m */; };
		DF5256031C22CE330014E917 /* Digitaleo.framework in Frameworks */ = {isa = PBXBuildFile; fileRef = DF5256021C22CE330014E917 /* Digitaleo.framework */; };
/* End PBXBuildFile section */

/* Begin PBXContainerItemProxy section */
		DF45D9281A7A3C130098963B /* PBXContainerItemProxy */ = {
			isa = PBXContainerItemProxy;
			containerPortal = DF45D9061A7A3C130098963B /* Project object */;
			proxyType = 1;
			remoteGlobalIDString = DF45D90D1A7A3C130098963B;
			remoteInfo = DigitaleoSample;
		};
/* End PBXContainerItemProxy section */

/* Begin PBXFileReference section */
		80313E6A10FD4BEC95B5AD38 /* libPods-DigitaleoSample.a */ = {isa = PBXFileReference; explicitFileType = archive.ar; includeInIndex = 0; path = "libPods-DigitaleoSample.a"; sourceTree = BUILT_PRODUCTS_DIR; };
		9466B521F41C384A13270017 /* Pods-DigitaleoSample.release.xcconfig */ = {isa = PBXFileReference; includeInIndex = 1; lastKnownFileType = text.xcconfig; name = "Pods-DigitaleoSample.release.xcconfig"; path = "Pods/Target Support Files/Pods-DigitaleoSample/Pods-DigitaleoSample.release.xcconfig"; sourceTree = "<group>"; };
		97FF6573A3FA5506FBFCFC0B /* Pods-DigitaleoSample.debug.xcconfig */ = {isa = PBXFileReference; includeInIndex = 1; lastKnownFileType = text.xcconfig; name = "Pods-DigitaleoSample.debug.xcconfig"; path = "Pods/Target Support Files/Pods-DigitaleoSample/Pods-DigitaleoSample.debug.xcconfig"; sourceTree = "<group>"; };
		DF0115961A7A785400F6842E /* RootViewController.h */ = {isa = PBXFileReference; fileEncoding = 4; lastKnownFileType = sourcecode.c.h; path = RootViewController.h; sourceTree = "<group>"; };
		DF0115971A7A785400F6842E /* RootViewController.m */ = {isa = PBXFileReference; fileEncoding = 4; lastKnownFileType = sourcecode.c.objc; path = RootViewController.m; sourceTree = "<group>"; };
		DF0115991A7A80A000F6842E /* NotificationsViewController.h */ = {isa = PBXFileReference; fileEncoding = 4; lastKnownFileType = sourcecode.c.h; path = NotificationsViewController.h; sourceTree = "<group>"; };
		DF01159A1A7A80A000F6842E /* NotificationsViewController.m */ = {isa = PBXFileReference; fileEncoding = 4; lastKnownFileType = sourcecode.c.objc; path = NotificationsViewController.m; sourceTree = "<group>"; };
		DF01159C1A7A824500F6842E /* HomeViewController.h */ = {isa = PBXFileReference; fileEncoding = 4; lastKnownFileType = sourcecode.c.h; path = HomeViewController.h; sourceTree = "<group>"; };
		DF01159D1A7A824500F6842E /* HomeViewController.m */ = {isa = PBXFileReference; fileEncoding = 4; lastKnownFileType = sourcecode.c.objc; path = HomeViewController.m; sourceTree = "<group>"; };
		DF14E7551A80EBD400CEA96E /* Digitaleo-dist.plist */ = {isa = PBXFileReference; fileEncoding = 4; lastKnownFileType = text.plist.xml; path = "Digitaleo-dist.plist"; sourceTree = "<group>"; };
		DF3C90111C1842E900FCBD0B /* Digitaleo.plist */ = {isa = PBXFileReference; fileEncoding = 4; lastKnownFileType = text.plist.xml; path = Digitaleo.plist; sourceTree = "<group>"; };
		DF45D90E1A7A3C130098963B /* DigitaleoSample.app */ = {isa = PBXFileReference; explicitFileType = wrapper.application; includeInIndex = 0; path = DigitaleoSample.app; sourceTree = BUILT_PRODUCTS_DIR; };
		DF45D9121A7A3C130098963B /* Info.plist */ = {isa = PBXFileReference; lastKnownFileType = text.plist.xml; path = Info.plist; sourceTree = "<group>"; };
		DF45D9131A7A3C130098963B /* main.m */ = {isa = PBXFileReference; lastKnownFileType = sourcecode.c.objc; path = main.m; sourceTree = "<group>"; };
		DF45D9151A7A3C130098963B /* AppDelegate.h */ = {isa = PBXFileReference; lastKnownFileType = sourcecode.c.h; path = AppDelegate.h; sourceTree = "<group>"; };
		DF45D9161A7A3C130098963B /* AppDelegate.m */ = {isa = PBXFileReference; lastKnownFileType = sourcecode.c.objc; path = AppDelegate.m; sourceTree = "<group>"; };
		DF45D91C1A7A3C130098963B /* Base */ = {isa = PBXFileReference; lastKnownFileType = file.storyboard; name = Base; path = Base.lproj/Main.storyboard; sourceTree = "<group>"; };
		DF45D91E1A7A3C130098963B /* Images.xcassets */ = {isa = PBXFileReference; lastKnownFileType = folder.assetcatalog; path = Images.xcassets; sourceTree = "<group>"; };
		DF45D9211A7A3C130098963B /* Base */ = {isa = PBXFileReference; lastKnownFileType = file.xib; name = Base; path = Base.lproj/LaunchScreen.xib; sourceTree = "<group>"; };
		DF45D9271A7A3C130098963B /* DigitaleoSampleTests.xctest */ = {isa = PBXFileReference; explicitFileType = wrapper.cfbundle; includeInIndex = 0; path = DigitaleoSampleTests.xctest; sourceTree = BUILT_PRODUCTS_DIR; };
		DF45D92C1A7A3C130098963B /* Info.plist */ = {isa = PBXFileReference; lastKnownFileType = text.plist.xml; path = Info.plist; sourceTree = "<group>"; };
		DF45D92D1A7A3C130098963B /* DigitaleoSampleTests.m */ = {isa = PBXFileReference; lastKnownFileType = sourcecode.c.objc; path = DigitaleoSampleTests.m; sourceTree = "<group>"; };
		DF45D93F1A7A402E0098963B /* MenuViewController.h */ = {isa = PBXFileReference; fileEncoding = 4; lastKnownFileType = sourcecode.c.h; path = MenuViewController.h; sourceTree = "<group>"; };
		DF45D9401A7A402E0098963B /* MenuViewController.m */ = {isa = PBXFileReference; fileEncoding = 4; lastKnownFileType = sourcecode.c.objc; path = MenuViewController.m; sourceTree = "<group>"; };
		DF45D94F1A7A478B0098963B /* ProfileViewController.h */ = {isa = PBXFileReference; fileEncoding = 4; lastKnownFileType = sourcecode.c.h; path = ProfileViewController.h; sourceTree = "<group>"; };
		DF45D9501A7A478B0098963B /* ProfileViewController.m */ = {isa = PBXFileReference; fileEncoding = 4; lastKnownFileType = sourcecode.c.objc; path = ProfileViewController.m; sourceTree = "<group>"; };
		DF5256021C22CE330014E917 /* Digitaleo.framework */ = {isa = PBXFileReference; lastKnownFileType = wrapper.framework; path = Digitaleo.framework; sourceTree = "<group>"; };
/* End PBXFileReference section */

/* Begin PBXFrameworksBuildPhase section */
		DF45D90B1A7A3C130098963B /* Frameworks */ = {
			isa = PBXFrameworksBuildPhase;
			buildActionMask = 2147483647;
			files = (
				3F9DEE2A6FE247388F7FFCFA /* libPods-DigitaleoSample.a in Frameworks */,
				DF5256031C22CE330014E917 /* Digitaleo.framework in Frameworks */,
			);
			runOnlyForDeploymentPostprocessing = 0;
		};
		DF45D9241A7A3C130098963B /* Frameworks */ = {
			isa = PBXFrameworksBuildPhase;
			buildActionMask = 2147483647;
			files = (
			);
			runOnlyForDeploymentPostprocessing = 0;
		};
/* End PBXFrameworksBuildPhase section */

/* Begin PBXGroup section */
		A91914330BDA459DA34F950A /* Frameworks */ = {
			isa = PBXGroup;
			children = (
				DF5256021C22CE330014E917 /* Digitaleo.framework */,
				80313E6A10FD4BEC95B5AD38 /* libPods-DigitaleoSample.a */,
			);
			name = Frameworks;
			sourceTree = "<group>";
		};
		DB92AD60D7698421E78A7333 /* Pods */ = {
			isa = PBXGroup;
			children = (
				97FF6573A3FA5506FBFCFC0B /* Pods-DigitaleoSample.debug.xcconfig */,
				9466B521F41C384A13270017 /* Pods-DigitaleoSample.release.xcconfig */,
			);
			name = Pods;
			sourceTree = "<group>";
		};
		DF0115A11A7A8F3800F6842E /* MenuViewControllers */ = {
			isa = PBXGroup;
			children = (
				DF0115961A7A785400F6842E /* RootViewController.h */,
				DF0115971A7A785400F6842E /* RootViewController.m */,
				DF45D93F1A7A402E0098963B /* MenuViewController.h */,
				DF45D9401A7A402E0098963B /* MenuViewController.m */,
			);
			name = MenuViewControllers;
			sourceTree = "<group>";
		};
		DF0115A21A7A8F5900F6842E /* ViewControllers */ = {
			isa = PBXGroup;
			children = (
				DF0115A11A7A8F3800F6842E /* MenuViewControllers */,
				DF01159C1A7A824500F6842E /* HomeViewController.h */,
				DF01159D1A7A824500F6842E /* HomeViewController.m */,
				DF45D94F1A7A478B0098963B /* ProfileViewController.h */,
				DF45D9501A7A478B0098963B /* ProfileViewController.m */,
				DF0115991A7A80A000F6842E /* NotificationsViewController.h */,
				DF01159A1A7A80A000F6842E /* NotificationsViewController.m */,
			);
			name = ViewControllers;
			sourceTree = "<group>";
		};
		DF45D9051A7A3C130098963B = {
			isa = PBXGroup;
			children = (
				DF45D9101A7A3C130098963B /* DigitaleoSample */,
				DF45D92A1A7A3C130098963B /* DigitaleoSampleTests */,
				DF45D90F1A7A3C130098963B /* Products */,
				A91914330BDA459DA34F950A /* Frameworks */,
				DB92AD60D7698421E78A7333 /* Pods */,
			);
			sourceTree = "<group>";
		};
		DF45D90F1A7A3C130098963B /* Products */ = {
			isa = PBXGroup;
			children = (
				DF45D90E1A7A3C130098963B /* DigitaleoSample.app */,
				DF45D9271A7A3C130098963B /* DigitaleoSampleTests.xctest */,
			);
			name = Products;
			sourceTree = "<group>";
		};
		DF45D9101A7A3C130098963B /* DigitaleoSample */ = {
			isa = PBXGroup;
			children = (
				DF45D9151A7A3C130098963B /* AppDelegate.h */,
				DF45D9161A7A3C130098963B /* AppDelegate.m */,
				DF45D91B1A7A3C130098963B /* Main.storyboard */,
				DF45D91E1A7A3C130098963B /* Images.xcassets */,
				DF45D9201A7A3C130098963B /* LaunchScreen.xib */,
				DF0115A21A7A8F5900F6842E /* ViewControllers */,
				DF45D9111A7A3C130098963B /* Supporting Files */,
			);
			path = DigitaleoSample;
			sourceTree = "<group>";
		};
		DF45D9111A7A3C130098963B /* Supporting Files */ = {
			isa = PBXGroup;
			children = (
				DF45D9121A7A3C130098963B /* Info.plist */,
				DF45D9131A7A3C130098963B /* main.m */,
				DF14E7551A80EBD400CEA96E /* Digitaleo-dist.plist */,
				DF3C90111C1842E900FCBD0B /* Digitaleo.plist */,
			);
			name = "Supporting Files";
			sourceTree = "<group>";
		};
		DF45D92A1A7A3C130098963B /* DigitaleoSampleTests */ = {
			isa = PBXGroup;
			children = (
				DF45D92D1A7A3C130098963B /* DigitaleoSampleTests.m */,
				DF45D92B1A7A3C130098963B /* Supporting Files */,
			);
			path = DigitaleoSampleTests;
			sourceTree = "<group>";
		};
		DF45D92B1A7A3C130098963B /* Supporting Files */ = {
			isa = PBXGroup;
			children = (
				DF45D92C1A7A3C130098963B /* Info.plist */,
			);
			name = "Supporting Files";
			sourceTree = "<group>";
		};
/* End PBXGroup section */

/* Begin PBXNativeTarget section */
		DF45D90D1A7A3C130098963B /* DigitaleoSample */ = {
			isa = PBXNativeTarget;
			buildConfigurationList = DF45D9311A7A3C130098963B /* Build configuration list for PBXNativeTarget "DigitaleoSample" */;
			buildPhases = (
				CFFF503048D34C8C92263B78 /* Check Pods Manifest.lock */,
				DF45D90A1A7A3C130098963B /* Sources */,
				DF45D90B1A7A3C130098963B /* Frameworks */,
				DF45D90C1A7A3C130098963B /* Resources */,
				4808FA5BE20A44DD875E8695 /* Copy Pods Resources */,
			);
			buildRules = (
			);
			dependencies = (
			);
			name = DigitaleoSample;
			productName = DigitaleoSample;
			productReference = DF45D90E1A7A3C130098963B /* DigitaleoSample.app */;
			productType = "com.apple.product-type.application";
		};
		DF45D9261A7A3C130098963B /* DigitaleoSampleTests */ = {
			isa = PBXNativeTarget;
			buildConfigurationList = DF45D9341A7A3C130098963B /* Build configuration list for PBXNativeTarget "DigitaleoSampleTests" */;
			buildPhases = (
				DF45D9231A7A3C130098963B /* Sources */,
				DF45D9241A7A3C130098963B /* Frameworks */,
				DF45D9251A7A3C130098963B /* Resources */,
			);
			buildRules = (
			);
			dependencies = (
				DF45D9291A7A3C130098963B /* PBXTargetDependency */,
			);
			name = DigitaleoSampleTests;
			productName = DigitaleoSampleTests;
			productReference = DF45D9271A7A3C130098963B /* DigitaleoSampleTests.xctest */;
			productType = "com.apple.product-type.bundle.unit-test";
		};
/* End PBXNativeTarget section */

/* Begin PBXProject section */
		DF45D9061A7A3C130098963B /* Project object */ = {
			isa = PBXProject;
			attributes = {
				LastUpgradeCheck = 0610;
				ORGANIZATIONNAME = Digitaleo;
				TargetAttributes = {
					DF45D90D1A7A3C130098963B = {
						CreatedOnToolsVersion = 6.1.1;
						DevelopmentTeam = L2X785L24N;
						SystemCapabilities = {
							com.apple.Push = {
								enabled = 1;
							};
						};
					};
					DF45D9261A7A3C130098963B = {
						CreatedOnToolsVersion = 6.1.1;
						TestTargetID = DF45D90D1A7A3C130098963B;
					};
				};
			};
			buildConfigurationList = DF45D9091A7A3C130098963B /* Build configuration list for PBXProject "DigitaleoSample" */;
			compatibilityVersion = "Xcode 3.2";
			developmentRegion = English;
			hasScannedForEncodings = 0;
			knownRegions = (
				en,
				Base,
			);
			mainGroup = DF45D9051A7A3C130098963B;
			productRefGroup = DF45D90F1A7A3C130098963B /* Products */;
			projectDirPath = "";
			projectRoot = "";
			targets = (
				DF45D90D1A7A3C130098963B /* DigitaleoSample */,
				DF45D9261A7A3C130098963B /* DigitaleoSampleTests */,
			);
		};
/* End PBXProject section */

/* Begin PBXResourcesBuildPhase section */
		DF45D90C1A7A3C130098963B /* Resources */ = {
			isa = PBXResourcesBuildPhase;
			buildActionMask = 2147483647;
			files = (
				DF14E7561A80EBD400CEA96E /* Digitaleo-dist.plist in Resources */,
				DF45D91D1A7A3C130098963B /* Main.storyboard in Resources */,
				DF45D9221A7A3C130098963B /* LaunchScreen.xib in Resources */,
				DF45D91F1A7A3C130098963B /* Images.xcassets in Resources */,
				DF3C90121C1842E900FCBD0B /* Digitaleo.plist in Resources */,
			);
			runOnlyForDeploymentPostprocessing = 0;
		};
		DF45D9251A7A3C130098963B /* Resources */ = {
			isa = PBXResourcesBuildPhase;
			buildActionMask = 2147483647;
			files = (
			);
			runOnlyForDeploymentPostprocessing = 0;
		};
/* End PBXResourcesBuildPhase section */

/* Begin PBXShellScriptBuildPhase section */
		4808FA5BE20A44DD875E8695 /* Copy Pods Resources */ = {
			isa = PBXShellScriptBuildPhase;
			buildActionMask = 2147483647;
			files = (
			);
			inputPaths = (
			);
			name = "Copy Pods Resources";
			outputPaths = (
			);
			runOnlyForDeploymentPostprocessing = 0;
			shellPath = /bin/sh;
			shellScript = "\"${SRCROOT}/Pods/Target Support Files/Pods-DigitaleoSample/Pods-DigitaleoSample-resources.sh\"\n";
			showEnvVarsInLog = 0;
		};
		CFFF503048D34C8C92263B78 /* Check Pods Manifest.lock */ = {
			isa = PBXShellScriptBuildPhase;
			buildActionMask = 2147483647;
			files = (
			);
			inputPaths = (
			);
			name = "Check Pods Manifest.lock";
			outputPaths = (
			);
			runOnlyForDeploymentPostprocessing = 0;
			shellPath = /bin/sh;
			shellScript = "diff \"${PODS_ROOT}/../Podfile.lock\" \"${PODS_ROOT}/Manifest.lock\" > /dev/null\nif [[ $? != 0 ]] ; then\n    cat << EOM\nerror: The sandbox is not in sync with the Podfile.lock. Run 'pod install' or update your CocoaPods installation.\nEOM\n    exit 1\nfi\n";
			showEnvVarsInLog = 0;
		};
/* End PBXShellScriptBuildPhase section */

/* Begin PBXSourcesBuildPhase section */
		DF45D90A1A7A3C130098963B /* Sources */ = {
			isa = PBXSourcesBuildPhase;
			buildActionMask = 2147483647;
			files = (
				DF45D9171A7A3C130098963B /* AppDelegate.m in Sources */,
				DF45D9141A7A3C130098963B /* main.m in Sources */,
				DF45D9511A7A478B0098963B /* ProfileViewController.m in Sources */,
				DF45D9411A7A402E0098963B /* MenuViewController.m in Sources */,
				DF0115981A7A785400F6842E /* RootViewController.m in Sources */,
				DF01159E1A7A824500F6842E /* HomeViewController.m in Sources */,
				DF01159B1A7A80A000F6842E /* NotificationsViewController.m in Sources */,
			);
			runOnlyForDeploymentPostprocessing = 0;
		};
		DF45D9231A7A3C130098963B /* Sources */ = {
			isa = PBXSourcesBuildPhase;
			buildActionMask = 2147483647;
			files = (
				DF45D92E1A7A3C130098963B /* DigitaleoSampleTests.m in Sources */,
			);
			runOnlyForDeploymentPostprocessing = 0;
		};
/* End PBXSourcesBuildPhase section */

/* Begin PBXTargetDependency section */
		DF45D9291A7A3C130098963B /* PBXTargetDependency */ = {
			isa = PBXTargetDependency;
			target = DF45D90D1A7A3C130098963B /* DigitaleoSample */;
			targetProxy = DF45D9281A7A3C130098963B /* PBXContainerItemProxy */;
		};
/* End PBXTargetDependency section */

/* Begin PBXVariantGroup section */
		DF45D91B1A7A3C130098963B /* Main.storyboard */ = {
			isa = PBXVariantGroup;
			children = (
				DF45D91C1A7A3C130098963B /* Base */,
			);
			name = Main.storyboard;
			sourceTree = "<group>";
		};
		DF45D9201A7A3C130098963B /* LaunchScreen.xib */ = {
			isa = PBXVariantGroup;
			children = (
				DF45D9211A7A3C130098963B /* Base */,
			);
			name = LaunchScreen.xib;
			sourceTree = "<group>";
		};
/* End PBXVariantGroup section */

/* Begin XCBuildConfiguration section */
		DF45D92F1A7A3C130098963B /* Debug */ = {
			isa = XCBuildConfiguration;
			buildSettings = {
				ALWAYS_SEARCH_USER_PATHS = NO;
				CLANG_CXX_LANGUAGE_STANDARD = "gnu++0x";
				CLANG_CXX_LIBRARY = "libc++";
				CLANG_ENABLE_MODULES = YES;
				CLANG_ENABLE_OBJC_ARC = YES;
				CLANG_WARN_BOOL_CONVERSION = YES;
				CLANG_WARN_CONSTANT_CONVERSION = YES;
				CLANG_WARN_DIRECT_OBJC_ISA_USAGE = YES_ERROR;
				CLANG_WARN_EMPTY_BODY = YES;
				CLANG_WARN_ENUM_CONVERSION = YES;
				CLANG_WARN_INT_CONVERSION = YES;
				CLANG_WARN_OBJC_ROOT_CLASS = YES_ERROR;
				CLANG_WARN_UNREACHABLE_CODE = YES;
				CLANG_WARN__DUPLICATE_METHOD_MATCH = YES;
				"CODE_SIGN_IDENTITY[sdk=iphoneos*]" = "iPhone Developer";
				COPY_PHASE_STRIP = NO;
				ENABLE_STRICT_OBJC_MSGSEND = YES;
				GCC_C_LANGUAGE_STANDARD = gnu99;
				GCC_DYNAMIC_NO_PIC = NO;
				GCC_OPTIMIZATION_LEVEL = 0;
				GCC_PREPROCESSOR_DEFINITIONS = (
					"DEBUG=1",
					"$(inherited)",
				);
				GCC_SYMBOLS_PRIVATE_EXTERN = NO;
				GCC_WARN_64_TO_32_BIT_CONVERSION = YES;
				GCC_WARN_ABOUT_RETURN_TYPE = YES_ERROR;
				GCC_WARN_UNDECLARED_SELECTOR = YES;
				GCC_WARN_UNINITIALIZED_AUTOS = YES_AGGRESSIVE;
				GCC_WARN_UNUSED_FUNCTION = YES;
				GCC_WARN_UNUSED_VARIABLE = YES;
				IPHONEOS_DEPLOYMENT_TARGET = 7.0;
				MTL_ENABLE_DEBUG_INFO = YES;
				ONLY_ACTIVE_ARCH = YES;
				PRODUCT_NAME = "";
				SDKROOT = iphoneos;
			};
			name = Debug;
		};
		DF45D9301A7A3C130098963B /* Release */ = {
			isa = XCBuildConfiguration;
			buildSettings = {
				ALWAYS_SEARCH_USER_PATHS = NO;
				CLANG_CXX_LANGUAGE_STANDARD = "gnu++0x";
				CLANG_CXX_LIBRARY = "libc++";
				CLANG_ENABLE_MODULES = YES;
				CLANG_ENABLE_OBJC_ARC = YES;
				CLANG_WARN_BOOL_CONVERSION = YES;
				CLANG_WARN_CONSTANT_CONVERSION = YES;
				CLANG_WARN_DIRECT_OBJC_ISA_USAGE = YES_ERROR;
				CLANG_WARN_EMPTY_BODY = YES;
				CLANG_WARN_ENUM_CONVERSION = YES;
				CLANG_WARN_INT_CONVERSION = YES;
				CLANG_WARN_OBJC_ROOT_CLASS = YES_ERROR;
				CLANG_WARN_UNREACHABLE_CODE = YES;
				CLANG_WARN__DUPLICATE_METHOD_MATCH = YES;
				"CODE_SIGN_IDENTITY[sdk=iphoneos*]" = "iPhone Developer";
				COPY_PHASE_STRIP = YES;
				ENABLE_NS_ASSERTIONS = NO;
				ENABLE_STRICT_OBJC_MSGSEND = YES;
				GCC_C_LANGUAGE_STANDARD = gnu99;
				GCC_WARN_64_TO_32_BIT_CONVERSION = YES;
				GCC_WARN_ABOUT_RETURN_TYPE = YES_ERROR;
				GCC_WARN_UNDECLARED_SELECTOR = YES;
				GCC_WARN_UNINITIALIZED_AUTOS = YES_AGGRESSIVE;
				GCC_WARN_UNUSED_FUNCTION = YES;
				GCC_WARN_UNUSED_VARIABLE = YES;
				IPHONEOS_DEPLOYMENT_TARGET = 7.0;
				MTL_ENABLE_DEBUG_INFO = NO;
				PRODUCT_NAME = "";
				SDKROOT = iphoneos;
				VALIDATE_PRODUCT = YES;
			};
			name = Release;
		};
		DF45D9321A7A3C130098963B /* Debug */ = {
			isa = XCBuildConfiguration;
			baseConfigurationReference = 97FF6573A3FA5506FBFCFC0B /* Pods-DigitaleoSample.debug.xcconfig */;
			buildSettings = {
				ASSETCATALOG_COMPILER_APPICON_NAME = AppIcon;
				CODE_SIGN_IDENTITY = "iPhone Developer";
				"CODE_SIGN_IDENTITY[sdk=iphoneos*]" = "iPhone Developer";
				ENABLE_BITCODE = NO;
				FRAMEWORK_SEARCH_PATHS = (
					"$(inherited)",
					"$(PROJECT_DIR)",
					"$(PROJECT_DIR)/DigitaleoSample",
				);
				GCC_PREFIX_HEADER = "";
				INFOPLIST_FILE = DigitaleoSample/Info.plist;
				IPHONEOS_DEPLOYMENT_TARGET = 7.0;
				LD_RUNPATH_SEARCH_PATHS = "$(inherited) @executable_path/Frameworks";
				PRODUCT_NAME = DigitaleoSample;
				PROVISIONING_PROFILE = "";
				TARGETED_DEVICE_FAMILY = 1;
			};
			name = Debug;
		};
		DF45D9331A7A3C130098963B /* Release */ = {
			isa = XCBuildConfiguration;
			baseConfigurationReference = 9466B521F41C384A13270017 /* Pods-DigitaleoSample.release.xcconfig */;
			buildSettings = {
				ASSETCATALOG_COMPILER_APPICON_NAME = AppIcon;
				CODE_SIGN_IDENTITY = "iPhone Developer";
				"CODE_SIGN_IDENTITY[sdk=iphoneos*]" = "iPhone Developer";
				ENABLE_BITCODE = NO;
				FRAMEWORK_SEARCH_PATHS = (
					"$(inherited)",
					"$(PROJECT_DIR)",
					"$(PROJECT_DIR)/DigitaleoSample",
				);
				GCC_PREFIX_HEADER = "";
				INFOPLIST_FILE = DigitaleoSample/Info.plist;
				IPHONEOS_DEPLOYMENT_TARGET = 7.0;
				LD_RUNPATH_SEARCH_PATHS = "$(inherited) @executable_path/Frameworks";
				PRODUCT_NAME = DigitaleoSample;
				PROVISIONING_PROFILE = "";
				TARGETED_DEVICE_FAMILY = 1;
			};
			name = Release;
		};
		DF45D9351A7A3C130098963B /* Debug */ = {
			isa = XCBuildConfiguration;
			buildSettings = {
				BUNDLE_LOADER = "$(TEST_HOST)";
				FRAMEWORK_SEARCH_PATHS = (
					"$(SDKROOT)/Developer/Library/Frameworks",
					"$(inherited)",
				);
				GCC_PREPROCESSOR_DEFINITIONS = (
					"DEBUG=1",
					"$(inherited)",
				);
				INFOPLIST_FILE = DigitaleoSampleTests/Info.plist;
				LD_RUNPATH_SEARCH_PATHS = "$(inherited) @executable_path/Frameworks @loader_path/Frameworks";
				PRODUCT_NAME = "$(TARGET_NAME)";
				TEST_HOST = "$(BUILT_PRODUCTS_DIR)/Sample App.app/Sample App";
			};
			name = Debug;
		};
		DF45D9361A7A3C130098963B /* Release */ = {
			isa = XCBuildConfiguration;
			buildSettings = {
				BUNDLE_LOADER = "$(TEST_HOST)";
				FRAMEWORK_SEARCH_PATHS = (
					"$(SDKROOT)/Developer/Library/Frameworks",
					"$(inherited)",
				);
				INFOPLIST_FILE = DigitaleoSampleTests/Info.plist;
				LD_RUNPATH_SEARCH_PATHS = "$(inherited) @executable_path/Frameworks @loader_path/Frameworks";
				PRODUCT_NAME = "$(TARGET_NAME)";
				TEST_HOST = "$(BUILT_PRODUCTS_DIR)/Sample App.app/Sample App";
			};
			name = Release;
		};
/* End XCBuildConfiguration section */

/* Begin XCConfigurationList section */
		DF45D9091A7A3C130098963B /* Build configuration list for PBXProject "DigitaleoSample" */ = {
			isa = XCConfigurationList;
			buildConfigurations = (
				DF45D92F1A7A3C130098963B /* Debug */,
				DF45D9301A7A3C130098963B /* Release */,
			);
			defaultConfigurationIsVisible = 0;
			defaultConfigurationName = Release;
		};
		DF45D9311A7A3C130098963B /* Build configuration list for PBXNativeTarget "DigitaleoSample" */ = {
			isa = XCConfigurationList;
			buildConfigurations = (
				DF45D9321A7A3C130098963B /* Debug */,
				DF45D9331A7A3C130098963B /* Release */,
			);
			defaultConfigurationIsVisible = 0;
			defaultConfigurationName = Release;
		};
		DF45D9341A7A3C130098963B /* Build configuration list for PBXNativeTarget "DigitaleoSampleTests" */ = {
			isa = XCConfigurationList;
			buildConfigurations = (
				DF45D9351A7A3C130098963B /* Debug */,
				DF45D9361A7A3C130098963B /* Release */,
			);
			defaultConfigurationIsVisible = 0;
			defaultConfigurationName = Release;
		};
/* End XCConfigurationList section */
	};
	rootObject = DF45D9061A7A3C130098963B /* Project object */;
}
