// !$*UTF8*$!
{
	archiveVersion = 1;
	classes = {
	};
	objectVersion = 46;
	objects = {

/* Begin PBXBuildFile section */
		DF45D9141A7A3C130098963B /* main.m in Sources */ = {isa = PBXBuildFile; fileRef = DF45D9131A7A3C130098963B /* main.m */; };
		DF45D9171A7A3C130098963B /* AppDelegate.m in Sources */ = {isa = PBXBuildFile; fileRef = DF45D9161A7A3C130098963B /* AppDelegate.m */; };
		DF45D91A1A7A3C130098963B /* ViewController.m in Sources */ = {isa = PBXBuildFile; fileRef = DF45D9191A7A3C130098963B /* ViewController.m */; };
		DF45D91D1A7A3C130098963B /* Main.storyboard in Resources */ = {isa = PBXBuildFile; fileRef = DF45D91B1A7A3C130098963B /* Main.storyboard */; };
		DF45D91F1A7A3C130098963B /* Images.xcassets in Resources */ = {isa = PBXBuildFile; fileRef = DF45D91E1A7A3C130098963B /* Images.xcassets */; };
		DF45D9221A7A3C130098963B /* LaunchScreen.xib in Resources */ = {isa = PBXBuildFile; fileRef = DF45D9201A7A3C130098963B /* LaunchScreen.xib */; };
		DF45D92E1A7A3C130098963B /* DigitaleoSampleTests.m in Sources */ = {isa = PBXBuildFile; fileRef = DF45D92D1A7A3C130098963B /* DigitaleoSampleTests.m */; };
/* End PBXBuildFile section */

/* Begin PBXContainerItemProxy section */
		DF45D9281A7A3C130098963B /* PBXContainerItemProxy */ = {
			isa = PBXContainerItemProxy;
			containerPortal = DF45D9061A7A3C130098963B /* Project object */;
			proxyType = 1;
			remoteGlobalIDString = DF45D90D1A7A3C130098963B;
			remoteInfo = DigitaleoSample;
		};
/* End PBXContainerItemProxy section */

/* Begin PBXFileReference section */
		DF45D90E1A7A3C130098963B /* DigitaleoSample.app */ = {isa = PBXFileReference; explicitFileType = wrapper.application; includeInIndex = 0; path = DigitaleoSample.app; sourceTree = BUILT_PRODUCTS_DIR; };
		DF45D9121A7A3C130098963B /* Info.plist */ = {isa = PBXFileReference; lastKnownFileType = text.plist.xml; path = Info.plist; sourceTree = "<group>"; };
		DF45D9131A7A3C130098963B /* main.m */ = {isa = PBXFileReference; lastKnownFileType = sourcecode.c.objc; path = main.m; sourceTree = "<group>"; };
		DF45D9151A7A3C130098963B /* AppDelegate.h */ = {isa = PBXFileReference; lastKnownFileType = sourcecode.c.h; path = AppDelegate.h; sourceTree = "<group>"; };
		DF45D9161A7A3C130098963B /* AppDelegate.m */ = {isa = PBXFileReference; lastKnownFileType = sourcecode.c.objc; path = AppDelegate.m; sourceTree = "<group>"; };
		DF45D9181A7A3C130098963B /* ViewController.h */ = {isa = PBXFileReference; lastKnownFileType = sourcecode.c.h; path = ViewController.h; sourceTree = "<group>"; };
		DF45D9191A7A3C130098963B /* ViewController.m */ = {isa = PBXFileReference; lastKnownFileType = sourcecode.c.objc; path = ViewController.m; sourceTree = "<group>"; };
		DF45D91C1A7A3C130098963B /* Base */ = {isa = PBXFileReference; lastKnownFileType = file.storyboard; name = Base; path = Base.lproj/Main.storyboard; sourceTree = "<group>"; };
		DF45D91E1A7A3C130098963B /* Images.xcassets */ = {isa = PBXFileReference; lastKnownFileType = folder.assetcatalog; path = Images.xcassets; sourceTree = "<group>"; };
		DF45D9211A7A3C130098963B /* Base */ = {isa = PBXFileReference; lastKnownFileType = file.xib; name = Base; path = Base.lproj/LaunchScreen.xib; sourceTree = "<group>"; };
		DF45D9271A7A3C130098963B /* DigitaleoSampleTests.xctest */ = {isa = PBXFileReference; explicitFileType = wrapper.cfbundle; includeInIndex = 0; path = DigitaleoSampleTests.xctest; sourceTree = BUILT_PRODUCTS_DIR; };
		DF45D92C1A7A3C130098963B /* Info.plist */ = {isa = PBXFileReference; lastKnownFileType = text.plist.xml; path = Info.plist; sourceTree = "<group>"; };
		DF45D92D1A7A3C130098963B /* DigitaleoSampleTests.m */ = {isa = PBXFileReference; lastKnownFileType = sourcecode.c.objc; path = DigitaleoSampleTests.m; sourceTree = "<group>"; };
/* End PBXFileReference section */

/* Begin PBXFrameworksBuildPhase section */
		DF45D90B1A7A3C130098963B /* Frameworks */ = {
			isa = PBXFrameworksBuildPhase;
			buildActionMask = 2147483647;
			files = (
			);
			runOnlyForDeploymentPostprocessing = 0;
		};
		DF45D9241A7A3C130098963B /* Frameworks */ = {
			isa = PBXFrameworksBuildPhase;
			buildActionMask = 2147483647;
			files = (
			);
			runOnlyForDeploymentPostprocessing = 0;
		};
/* End PBXFrameworksBuildPhase section */

/* Begin PBXGroup section */
		DF45D9051A7A3C130098963B = {
			isa = PBXGroup;
			children = (
				DF45D9101A7A3C130098963B /* DigitaleoSample */,
				DF45D92A1A7A3C130098963B /* DigitaleoSampleTests */,
				DF45D90F1A7A3C130098963B /* Products */,
			);
			sourceTree = "<group>";
		};
		DF45D90F1A7A3C130098963B /* Products */ = {
			isa = PBXGroup;
			children = (
				DF45D90E1A7A3C130098963B /* DigitaleoSample.app */,
				DF45D9271A7A3C130098963B /* DigitaleoSampleTests.xctest */,
			);
			name = Products;
			sourceTree = "<group>";
		};
		DF45D9101A7A3C130098963B /* DigitaleoSample */ = {
			isa = PBXGroup;
			children = (
				DF45D9151A7A3C130098963B /* AppDelegate.h */,
				DF45D9161A7A3C130098963B /* AppDelegate.m */,
				DF45D9181A7A3C130098963B /* ViewController.h */,
				DF45D9191A7A3C130098963B /* ViewController.m */,
				DF45D91B1A7A3C130098963B /* Main.storyboard */,
				DF45D91E1A7A3C130098963B /* Images.xcassets */,
				DF45D9201A7A3C130098963B /* LaunchScreen.xib */,
				DF45D9111A7A3C130098963B /* Supporting Files */,
			);
			path = DigitaleoSample;
			sourceTree = "<group>";
		};
		DF45D9111A7A3C130098963B /* Supporting Files */ = {
			isa = PBXGroup;
			children = (
				DF45D9121A7A3C130098963B /* Info.plist */,
				DF45D9131A7A3C130098963B /* main.m */,
			);
			name = "Supporting Files";
			sourceTree = "<group>";
		};
		DF45D92A1A7A3C130098963B /* DigitaleoSampleTests */ = {
			isa = PBXGroup;
			children = (
				DF45D92D1A7A3C130098963B /* DigitaleoSampleTests.m */,
				DF45D92B1A7A3C130098963B /* Supporting Files */,
			);
			path = DigitaleoSampleTests;
			sourceTree = "<group>";
		};
		DF45D92B1A7A3C130098963B /* Supporting Files */ = {
			isa = PBXGroup;
			children = (
				DF45D92C1A7A3C130098963B /* Info.plist */,
			);
			name = "Supporting Files";
			sourceTree = "<group>";
		};
/* End PBXGroup section */

/* Begin PBXNativeTarget section */
		DF45D90D1A7A3C130098963B /* DigitaleoSample */ = {
			isa = PBXNativeTarget;
			buildConfigurationList = DF45D9311A7A3C130098963B /* Build configuration list for PBXNativeTarget "DigitaleoSample" */;
			buildPhases = (
				DF45D90A1A7A3C130098963B /* Sources */,
				DF45D90B1A7A3C130098963B /* Frameworks */,
				DF45D90C1A7A3C130098963B /* Resources */,
			);
			buildRules = (
			);
			dependencies = (
			);
			name = DigitaleoSample;
			productName = DigitaleoSample;
			productReference = DF45D90E1A7A3C130098963B /* DigitaleoSample.app */;
			productType = "com.apple.product-type.application";
		};
		DF45D9261A7A3C130098963B /* DigitaleoSampleTests */ = {
			isa = PBXNativeTarget;
			buildConfigurationList = DF45D9341A7A3C130098963B /* Build configuration list for PBXNativeTarget "DigitaleoSampleTests" */;
			buildPhases = (
				DF45D9231A7A3C130098963B /* Sources */,
				DF45D9241A7A3C130098963B /* Frameworks */,
				DF45D9251A7A3C130098963B /* Resources */,
			);
			buildRules = (
			);
			dependencies = (
				DF45D9291A7A3C130098963B /* PBXTargetDependency */,
			);
			name = DigitaleoSampleTests;
			productName = DigitaleoSampleTests;
			productReference = DF45D9271A7A3C130098963B /* DigitaleoSampleTests.xctest */;
			productType = "com.apple.product-type.bundle.unit-test";
		};
/* End PBXNativeTarget section */

/* Begin PBXProject section */
		DF45D9061A7A3C130098963B /* Project object */ = {
			isa = PBXProject;
			attributes = {
				LastUpgradeCheck = 0610;
				ORGANIZATIONNAME = Digitaleo;
				TargetAttributes = {
					DF45D90D1A7A3C130098963B = {
						CreatedOnToolsVersion = 6.1.1;
					};
					DF45D9261A7A3C130098963B = {
						CreatedOnToolsVersion = 6.1.1;
						TestTargetID = DF45D90D1A7A3C130098963B;
					};
				};
			};
			buildConfigurationList = DF45D9091A7A3C130098963B /* Build configuration list for PBXProject "DigitaleoSample" */;
			compatibilityVersion = "Xcode 3.2";
			developmentRegion = English;
			hasScannedForEncodings = 0;
			knownRegions = (
				en,
				Base,
			);
			mainGroup = DF45D9051A7A3C130098963B;
			productRefGroup = DF45D90F1A7A3C130098963B /* Products */;
			projectDirPath = "";
			projectRoot = "";
			targets = (
				DF45D90D1A7A3C130098963B /* DigitaleoSample */,
				DF45D9261A7A3C130098963B /* DigitaleoSampleTests */,
			);
		};
/* End PBXProject section */

/* Begin PBXResourcesBuildPhase section */
		DF45D90C1A7A3C130098963B /* Resources */ = {
			isa = PBXResourcesBuildPhase;
			buildActionMask = 2147483647;
			files = (
				DF45D91D1A7A3C130098963B /* Main.storyboard in Resources */,
				DF45D9221A7A3C130098963B /* LaunchScreen.xib in Resources */,
				DF45D91F1A7A3C130098963B /* Images.xcassets in Resources */,
			);
			runOnlyForDeploymentPostprocessing = 0;
		};
		DF45D9251A7A3C130098963B /* Resources */ = {
			isa = PBXResourcesBuildPhase;
			buildActionMask = 2147483647;
			files = (
			);
			runOnlyForDeploymentPostprocessing = 0;
		};
/* End PBXResourcesBuildPhase section */

/* Begin PBXSourcesBuildPhase section */
		DF45D90A1A7A3C130098963B /* Sources */ = {
			isa = PBXSourcesBuildPhase;
			buildActionMask = 2147483647;
			files = (
				DF45D91A1A7A3C130098963B /* ViewController.m in Sources */,
				DF45D9171A7A3C130098963B /* AppDelegate.m in Sources */,
				DF45D9141A7A3C130098963B /* main.m in Sources */,
			);
			runOnlyForDeploymentPostprocessing = 0;
		};
		DF45D9231A7A3C130098963B /* Sources */ = {
			isa = PBXSourcesBuildPhase;
			buildActionMask = 2147483647;
			files = (
				DF45D92E1A7A3C130098963B /* DigitaleoSampleTests.m in Sources */,
			);
			runOnlyForDeploymentPostprocessing = 0;
		};
/* End PBXSourcesBuildPhase section */

/* Begin PBXTargetDependency section */
		DF45D9291A7A3C130098963B /* PBXTargetDependency */ = {
			isa = PBXTargetDependency;
			target = DF45D90D1A7A3C130098963B /* DigitaleoSample */;
			targetProxy = DF45D9281A7A3C130098963B /* PBXContainerItemProxy */;
		};
/* End PBXTargetDependency section */

/* Begin PBXVariantGroup section */
		DF45D91B1A7A3C130098963B /* Main.storyboard */ = {
			isa = PBXVariantGroup;
			children = (
				DF45D91C1A7A3C130098963B /* Base */,
			);
			name = Main.storyboard;
			sourceTree = "<group>";
		};
		DF45D9201A7A3C130098963B /* LaunchScreen.xib */ = {
			isa = PBXVariantGroup;
			children = (
				DF45D9211A7A3C130098963B /* Base */,
			);
			name = LaunchScreen.xib;
			sourceTree = "<group>";
		};
/* End PBXVariantGroup section */

/* Begin XCBuildConfiguration section */
		DF45D92F1A7A3C130098963B /* Debug */ = {
			isa = XCBuildConfiguration;
			buildSettings = {
				ALWAYS_SEARCH_USER_PATHS = NO;
				CLANG_CXX_LANGUAGE_STANDARD = "gnu++0x";
				CLANG_CXX_LIBRARY = "libc++";
				CLANG_ENABLE_MODULES = YES;
				CLANG_ENABLE_OBJC_ARC = YES;
				CLANG_WARN_BOOL_CONVERSION = YES;
				CLANG_WARN_CONSTANT_CONVERSION = YES;
				CLANG_WARN_DIRECT_OBJC_ISA_USAGE = YES_ERROR;
				CLANG_WARN_EMPTY_BODY = YES;
				CLANG_WARN_ENUM_CONVERSION = YES;
				CLANG_WARN_INT_CONVERSION = YES;
				CLANG_WARN_OBJC_ROOT_CLASS = YES_ERROR;
				CLANG_WARN_UNREACHABLE_CODE = YES;
				CLANG_WARN__DUPLICATE_METHOD_MATCH = YES;
				"CODE_SIGN_IDENTITY[sdk=iphoneos*]" = "iPhone Developer";
				COPY_PHASE_STRIP = NO;
				ENABLE_STRICT_OBJC_MSGSEND = YES;
				GCC_C_LANGUAGE_STANDARD = gnu99;
				GCC_DYNAMIC_NO_PIC = NO;
				GCC_OPTIMIZATION_LEVEL = 0;
				GCC_PREPROCESSOR_DEFINITIONS = (
					"DEBUG=1",
					"$(inherited)",
				);
				GCC_SYMBOLS_PRIVATE_EXTERN = NO;
				GCC_WARN_64_TO_32_BIT_CONVERSION = YES;
				GCC_WARN_ABOUT_RETURN_TYPE = YES_ERROR;
				GCC_WARN_UNDECLARED_SELECTOR = YES;
				GCC_WARN_UNINITIALIZED_AUTOS = YES_AGGRESSIVE;
				GCC_WARN_UNUSED_FUNCTION = YES;
				GCC_WARN_UNUSED_VARIABLE = YES;
				IPHONEOS_DEPLOYMENT_TARGET = 8.1;
				MTL_ENABLE_DEBUG_INFO = YES;
				ONLY_ACTIVE_ARCH = YES;
				SDKROOT = iphoneos;
			};
			name = Debug;
		};
		DF45D9301A7A3C130098963B /* Release */ = {
			isa = XCBuildConfiguration;
			buildSettings = {
				ALWAYS_SEARCH_USER_PATHS = NO;
				CLANG_CXX_LANGUAGE_STANDARD = "gnu++0x";
				CLANG_CXX_LIBRARY = "libc++";
				CLANG_ENABLE_MODULES = YES;
				CLANG_ENABLE_OBJC_ARC = YES;
				CLANG_WARN_BOOL_CONVERSION = YES;
				CLANG_WARN_CONSTANT_CONVERSION = YES;
				CLANG_WARN_DIRECT_OBJC_ISA_USAGE = YES_ERROR;
				CLANG_WARN_EMPTY_BODY = YES;
				CLANG_WARN_ENUM_CONVERSION = YES;
				CLANG_WARN_INT_CONVERSION = YES;
				CLANG_WARN_OBJC_ROOT_CLASS = YES_ERROR;
				CLANG_WARN_UNREACHABLE_CODE = YES;
				CLANG_WARN__DUPLICATE_METHOD_MATCH = YES;
				"CODE_SIGN_IDENTITY[sdk=iphoneos*]" = "iPhone Developer";
				COPY_PHASE_STRIP = YES;
				ENABLE_NS_ASSERTIONS = NO;
				ENABLE_STRICT_OBJC_MSGSEND = YES;
				GCC_C_LANGUAGE_STANDARD = gnu99;
				GCC_WARN_64_TO_32_BIT_CONVERSION = YES;
				GCC_WARN_ABOUT_RETURN_TYPE = YES_ERROR;
				GCC_WARN_UNDECLARED_SELECTOR = YES;
				GCC_WARN_UNINITIALIZED_AUTOS = YES_AGGRESSIVE;
				GCC_WARN_UNUSED_FUNCTION = YES;
				GCC_WARN_UNUSED_VARIABLE = YES;
				IPHONEOS_DEPLOYMENT_TARGET = 8.1;
				MTL_ENABLE_DEBUG_INFO = NO;
				SDKROOT = iphoneos;
				VALIDATE_PRODUCT = YES;
			};
			name = Release;
		};
		DF45D9321A7A3C130098963B /* Debug */ = {
			isa = XCBuildConfiguration;
			buildSettings = {
				ASSETCATALOG_COMPILER_APPICON_NAME = AppIcon;
				INFOPLIST_FILE = DigitaleoSample/Info.plist;
				LD_RUNPATH_SEARCH_PATHS = "$(inherited) @executable_path/Frameworks";
				PRODUCT_NAME = "$(TARGET_NAME)";
			};
			name = Debug;
		};
		DF45D9331A7A3C130098963B /* Release */ = {
			isa = XCBuildConfiguration;
			buildSettings = {
				ASSETCATALOG_COMPILER_APPICON_NAME = AppIcon;
				INFOPLIST_FILE = DigitaleoSample/Info.plist;
				LD_RUNPATH_SEARCH_PATHS = "$(inherited) @executable_path/Frameworks";
				PRODUCT_NAME = "$(TARGET_NAME)";
			};
			name = Release;
		};
		DF45D9351A7A3C130098963B /* Debug */ = {
			isa = XCBuildConfiguration;
			buildSettings = {
				BUNDLE_LOADER = "$(TEST_HOST)";
				FRAMEWORK_SEARCH_PATHS = (
					"$(SDKROOT)/Developer/Library/Frameworks",
					"$(inherited)",
				);
				GCC_PREPROCESSOR_DEFINITIONS = (
					"DEBUG=1",
					"$(inherited)",
				);
				INFOPLIST_FILE = DigitaleoSampleTests/Info.plist;
				LD_RUNPATH_SEARCH_PATHS = "$(inherited) @executable_path/Frameworks @loader_path/Frameworks";
				PRODUCT_NAME = "$(TARGET_NAME)";
				TEST_HOST = "$(BUILT_PRODUCTS_DIR)/DigitaleoSample.app/DigitaleoSample";
			};
			name = Debug;
		};
		DF45D9361A7A3C130098963B /* Release */ = {
			isa = XCBuildConfiguration;
			buildSettings = {
				BUNDLE_LOADER = "$(TEST_HOST)";
				FRAMEWORK_SEARCH_PATHS = (
					"$(SDKROOT)/Developer/Library/Frameworks",
					"$(inherited)",
				);
				INFOPLIST_FILE = DigitaleoSampleTests/Info.plist;
				LD_RUNPATH_SEARCH_PATHS = "$(inherited) @executable_path/Frameworks @loader_path/Frameworks";
				PRODUCT_NAME = "$(TARGET_NAME)";
				TEST_HOST = "$(BUILT_PRODUCTS_DIR)/DigitaleoSample.app/DigitaleoSample";
			};
			name = Release;
		};
/* End XCBuildConfiguration section */

/* Begin XCConfigurationList section */
		DF45D9091A7A3C130098963B /* Build configuration list for PBXProject "DigitaleoSample" */ = {
			isa = XCConfigurationList;
			buildConfigurations = (
				DF45D92F1A7A3C130098963B /* Debug */,
				DF45D9301A7A3C130098963B /* Release */,
			);
			defaultConfigurationIsVisible = 0;
			defaultConfigurationName = Release;
		};
		DF45D9311A7A3C130098963B /* Build configuration list for PBXNativeTarget "DigitaleoSample" */ = {
			isa = XCConfigurationList;
			buildConfigurations = (
				DF45D9321A7A3C130098963B /* Debug */,
				DF45D9331A7A3C130098963B /* Release */,
			);
			defaultConfigurationIsVisible = 0;
		};
		DF45D9341A7A3C130098963B /* Build configuration list for PBXNativeTarget "DigitaleoSampleTests" */ = {
			isa = XCConfigurationList;
			buildConfigurations = (
				DF45D9351A7A3C130098963B /* Debug */,
				DF45D9361A7A3C130098963B /* Release */,
			);
			defaultConfigurationIsVisible = 0;
		};
/* End XCConfigurationList section */
	};
	rootObject = DF45D9061A7A3C130098963B /* Project object */;
}
